
Microsoft Visual Studio Solution File, Format Version 12.00
# Visual Studio Version 17
VisualStudioVersion = 17.11.35327.3
MinimumVisualStudioVersion = 10.0.40219.1
Project("{9A19103F-16F7-4668-BE54-9A1E7A4F7556}") = "API", "API\API.csproj", "{DF05D586-7F5F-46AC-B37C-FB55B3AB1513}"
EndProject
Project("{9A19103F-16F7-4668-BE54-9A1E7A4F7556}") = "Domain", "Domain\Domain.csproj", "{A21D0EA8-AB3E-4683-AC85-38F6B15FD81D}"
EndProject
Project("{9A19103F-16F7-4668-BE54-9A1E7A4F7556}") = "Application", "Application\Application.csproj", "{B9F32602-52F0-47AD-98B1-9D79BC45D6B9}"
EndProject
Project("{9A19103F-16F7-4668-BE54-9A1E7A4F7556}") = "Infrastructure", "Infrastructure\Infrastructure.csproj", "{E01D09BB-A91E-4A9A-BFEB-FB2B08B8FD77}"
EndProject
Project("{FAE04EC0-301F-11D3-BF4B-00C04F79EFBC}") = "Tests", "Tests\Tests.csproj", "{58380D37-1C40-4073-BACD-E8146A8AED80}"
EndProject
Global
	GlobalSection(SolutionConfigurationPlatforms) = preSolution
		Debug|Any CPU = Debug|Any CPU
		Release|Any CPU = Release|Any CPU
	EndGlobalSection
	GlobalSection(ProjectConfigurationPlatforms) = postSolution
		{DF05D586-7F5F-46AC-B37C-FB55B3AB1513}.Debug|Any CPU.ActiveCfg = Debug|Any CPU
		{DF05D586-7F5F-46AC-B37C-FB55B3AB1513}.Debug|Any CPU.Build.0 = Debug|Any CPU
		{DF05D586-7F5F-46AC-B37C-FB55B3AB1513}.Release|Any CPU.ActiveCfg = Release|Any CPU
		{DF05D586-7F5F-46AC-B37C-FB55B3AB1513}.Release|Any CPU.Build.0 = Release|Any CPU
		{A21D0EA8-AB3E-4683-AC85-38F6B15FD81D}.Debug|Any CPU.ActiveCfg = Debug|Any CPU
		{A21D0EA8-AB3E-4683-AC85-38F6B15FD81D}.Debug|Any CPU.Build.0 = Debug|Any CPU
		{A21D0EA8-AB3E-4683-AC85-38F6B15FD81D}.Release|Any CPU.ActiveCfg = Release|Any CPU
		{A21D0EA8-AB3E-4683-AC85-38F6B15FD81D}.Release|Any CPU.Build.0 = Release|Any CPU
		{B9F32602-52F0-47AD-98B1-9D79BC45D6B9}.Debug|Any CPU.ActiveCfg = Debug|Any CPU
		{B9F32602-52F0-47AD-98B1-9D79BC45D6B9}.Debug|Any CPU.Build.0 = Debug|Any CPU
		{B9F32602-52F0-47AD-98B1-9D79BC45D6B9}.Release|Any CPU.ActiveCfg = Release|Any CPU
		{B9F32602-52F0-47AD-98B1-9D79BC45D6B9}.Release|Any CPU.Build.0 = Release|Any CPU
		{E01D09BB-A91E-4A9A-BFEB-FB2B08B8FD77}.Debug|Any CPU.ActiveCfg = Debug|Any CPU
		{E01D09BB-A91E-4A9A-BFEB-FB2B08B8FD77}.Debug|Any CPU.Build.0 = Debug|Any CPU
		{E01D09BB-A91E-4A9A-BFEB-FB2B08B8FD77}.Release|Any CPU.ActiveCfg = Release|Any CPU
		{E01D09BB-A91E-4A9A-BFEB-FB2B08B8FD77}.Release|Any CPU.Build.0 = Release|Any CPU
		{58380D37-1C40-4073-BACD-E8146A8AED80}.Debug|Any CPU.ActiveCfg = Debug|Any CPU
		{58380D37-1C40-4073-BACD-E8146A8AED80}.Debug|Any CPU.Build.0 = Debug|Any CPU
		{58380D37-1C40-4073-BACD-E8146A8AED80}.Release|Any CPU.ActiveCfg = Release|Any CPU
		{58380D37-1C40-4073-BACD-E8146A8AED80}.Release|Any CPU.Build.0 = Release|Any CPU
	EndGlobalSection
	GlobalSection(SolutionProperties) = preSolution
		HideSolutionNode = FALSE
	EndGlobalSection
	GlobalSection(ExtensibilityGlobals) = postSolution
		SolutionGuid = {B71D0090-CA73-40FF-AB35-593DE4EB27A1}
	EndGlobalSection
EndGlobal
